schema: '2.0'
stages:
  data_prep:
    cmd: python3 src/data_prep.py
    deps:
    - path: data/te_ai_cup_sales_forecasting_data.csv
      md5: 6fb382498b126fc3e903d56da73768c8
      size: 46029876
    - path: src/data_constants.py
      md5: 1bc6dad04bf13db063ed62770dbf50fb
      size: 1280
    - path: src/data_prep.py
      md5: 60f694f0a440a3c93a3d50d376fa1fb0
      size: 1790
    - path: src/data_processing.py
      md5: b0802e58aad24db48e64b3048d43c2a4
      size: 11385
    - path: src/filepaths_constants.py
      md5: c7dab28f00e02bba4e301d451ad06194
      size: 4683
    - path: src/saving_reading_data.py
      md5: d25a73b8cbf2205527002650bd590b1b
      size: 3928
    - path: src/visualization.py
      md5: 527ba12f1f7323c4015d077540cafe88
      size: 9187
    outs:
    - path: data/dicts/test_dict.pkl
      md5: cc5fc1f088b6e51ba6074cd0b0a3447a
      size: 87866193
    - path: data/dicts/train_dict.pkl
      md5: a52279959f0d5ad132cfff420d77b15e
      size: 258974054
    - path: data/dicts/validation_dict.pkl
      md5: e9923c1368afa3ff1b66e68cdcc8c4f5
      size: 69523409
    - path: data/model_io/test_target.pkl
      md5: dcc3e6e04821195893ab3ffb25eaa349
      size: 26355764
    - path: data/model_io/test_x.pkl
      md5: ba47d7db886d3c9bfd2562b2769584f4
      size: 52711364
    - path: data/model_io/test_y.pkl
      md5: 7d0d2271ef00f39b3f9d03f1bcc876e1
      size: 8785364
    - path: data/model_io/train_target.pkl
      md5: 9dec4fca44b61e6d297b56e8677c76c9
      size: 77679764
    - path: data/model_io/train_x.pkl
      md5: 821eab1bfc3791d808829779e1480707
      size: 155359364
    - path: data/model_io/train_y.pkl
      md5: 1ef820353108d62427c24292780c53e5
      size: 25893364
    - path: data/model_io/validation_target.pkl
      md5: 270c00d53c848e6625881b5b92d5d21b
      size: 20853764
    - path: data/model_io/validation_x.pkl
      md5: 9b5c2f196b0009de56d96b3223586086
      size: 41707364
    - path: data/model_io/validation_y.pkl
      md5: e1961306c6b12521006e943cabf4f755
      size: 6951364
    - path: data/regular_data.pkl
      md5: e6cf62becf750b7871b57361affda49d
      size: 13606724
    - path: data/transformations/input_transformations.pkl
      md5: c77c67899a922817cca270f5d1a4073c
      size: 159063
    - path: data/transformations/output_transformations.pkl
      md5: c37438adc9edfff1db448a37dc4b9fa1
      size: 122143
    - path: data/transformed_data.pkl
      md5: 5087f10e22f07e6e20720fb15ab016f3
      size: 13630785
    - path: metrics/data_param.json
      md5: 6a07b44fa99ad39c166ec0e8b8cd35ed
      size: 371
  train_model:
    cmd: python3 src/train.py
    deps:
    - path: data/dicts/train_dict.pkl
      md5: a52279959f0d5ad132cfff420d77b15e
      size: 258974054
    - path: data/dicts/validation_dict.pkl
      md5: e9923c1368afa3ff1b66e68cdcc8c4f5
      size: 69523409
    - path: data/model_io/train_target.pkl
      md5: 9dec4fca44b61e6d297b56e8677c76c9
      size: 77679764
    - path: data/model_io/train_x.pkl
      md5: 821eab1bfc3791d808829779e1480707
      size: 155359364
    - path: data/model_io/train_y.pkl
      md5: 1ef820353108d62427c24292780c53e5
      size: 25893364
    - path: data/model_io/validation_target.pkl
      md5: 270c00d53c848e6625881b5b92d5d21b
      size: 20853764
    - path: data/model_io/validation_x.pkl
      md5: 9b5c2f196b0009de56d96b3223586086
      size: 41707364
    - path: data/model_io/validation_y.pkl
      md5: e1961306c6b12521006e943cabf4f755
      size: 6951364
    - path: data/regular_data.pkl
      md5: e6cf62becf750b7871b57361affda49d
      size: 13606724
    - path: data/transformed_data.pkl
      md5: 5087f10e22f07e6e20720fb15ab016f3
      size: 13630785
    - path: src/data_constants.py
      md5: 1bc6dad04bf13db063ed62770dbf50fb
      size: 1280
    - path: src/data_processing.py
      md5: b0802e58aad24db48e64b3048d43c2a4
      size: 11385
    - path: src/dl_ds.py
      md5: e503e3ed05e5cec789385c26c60da92f
      size: 1869
    - path: src/filepaths_constants.py
      md5: c7dab28f00e02bba4e301d451ad06194
      size: 4683
    - path: src/lstm_arch.py
      md5: 0d58e173347fbf0f63731542ad327894
      size: 1618
    - path: src/model_constants.py
      md5: cea6aaa5b285a0f27fd5a0769c734636
      size: 2546
    - path: src/saving_reading_data.py
      md5: d25a73b8cbf2205527002650bd590b1b
      size: 3928
    - path: src/seq2seq_arch.py
      md5: 9accea13bd0d9d366eb23e48a3fbaa36
      size: 7241
    - path: src/train.py
      md5: b61a7325ae7a133cc3f7e241c79247cc
      size: 7614
    - path: src/visualization.py
      md5: 527ba12f1f7323c4015d077540cafe88
      size: 9187
    outs:
    - path: data/model/model.pkl
      md5: 3d7a613bfe00207637b8e5bbf758ec19
      size: 869436
    - path: metrics/model_param.json
      md5: f8ae3137933baa7915fe31443e935cc5
      size: 387
    - path: metrics/train_metric.json
      md5: e150791313662f16d8834a9daa667ea3
      size: 209
  eval_model:
    cmd: python3 src/eval_model.py
    deps:
    - path: data/dicts/test_dict.pkl
      md5: 6d8f1e486c373bcd8934ef4d4b24e3a2
      size: 98619978
    - path: data/model/model.pkl
      md5: 703bd0c6a2a883e5f70f39b855db3889
      size: 9955055
    - path: data/model_io/test_target.pkl
      md5: cdc3646d3f3681cea6fb9fa8ea420960
      size: 29581364
    - path: data/model_io/test_x.pkl
      md5: 560b74e616b8e74c809f2c9ef5f38465
      size: 59162564
    - path: data/model_io/test_y.pkl
      md5: 641162d9c415f9c44f1c8a11a4100d14
      size: 9860564
    - path: data/regular_data.pkl
      md5: e6cf62becf750b7871b57361affda49d
      size: 13606724
    - path: data/transformed_data.pkl
      md5: 5087f10e22f07e6e20720fb15ab016f3
      size: 13630785
    - path: src/data_constants.py
      md5: 781f64f1d483ded2549e418b5592dfb5
      size: 1299
    - path: src/data_processing.py
      md5: b0802e58aad24db48e64b3048d43c2a4
      size: 11385
    - path: src/dl_ds.py
      md5: e503e3ed05e5cec789385c26c60da92f
      size: 1869
    - path: src/filepaths_constants.py
      md5: c7dab28f00e02bba4e301d451ad06194
      size: 4683
    - path: src/model_constants.py
      md5: 391ff802071d104938edfdd22a0d2ebc
      size: 2529
    - path: src/saving_reading_data.py
      md5: d25a73b8cbf2205527002650bd590b1b
      size: 3928
    - path: src/train.py
      md5: 8050a2ef7641dfb8000220adfad9e67b
      size: 7253
    - path: src/visualization.py
      md5: 66be502720d887705e866d5a8687e3c3
      size: 8972
    outs:
    - path: data/eval_plots/
      md5: aa99ef38edd4fb7d355faf4a997f4510.dir
      size: 835345
      nfiles: 9
